// !$*UTF8*$!
{
	archiveVersion = 1;
	classes = {
	};
	objectVersion = 56;
	objects = {

/* Begin PBXBuildFile section */
		8126A0FA2DA83008008DE22C /* location.swift in Sources */ = {isa = PBXBuildFile; fileRef = 8126A0F92DA83008008DE22C /* location.swift */; };
		8126A0FC2DA8336F008DE22C /* telaGrafico.swift in Sources */ = {isa = PBXBuildFile; fileRef = 8126A0FB2DA8336F008DE22C /* telaGrafico.swift */; };
		8126A0FE2DA83D43008DE22C /* GenerativeAI-Info.plist in Resources */ = {isa = PBXBuildFile; fileRef = 8126A0FD2DA83D43008DE22C /* GenerativeAI-Info.plist */; };
		8126A1002DA84A83008DE22C /* FormEditView.swift in Sources */ = {isa = PBXBuildFile; fileRef = 8126A0FF2DA84A83008DE22C /* FormEditView.swift */; };
		8126A1022DA84D69008DE22C /* Testeemail.swift in Sources */ = {isa = PBXBuildFile; fileRef = 8126A1012DA84D69008DE22C /* Testeemail.swift */; };
		C50FDCF52DA59E8500D90658 /* HeartBitApp.swift in Sources */ = {isa = PBXBuildFile; fileRef = C50FDCF42DA59E8500D90658 /* HeartBitApp.swift */; };
		C50FDCF72DA59E8500D90658 /* ContentView.swift in Sources */ = {isa = PBXBuildFile; fileRef = C50FDCF62DA59E8500D90658 /* ContentView.swift */; };
		C50FDCF92DA59E8600D90658 /* Assets.xcassets in Resources */ = {isa = PBXBuildFile; fileRef = C50FDCF82DA59E8600D90658 /* Assets.xcassets */; };
		C50FDCFC2DA59E8600D90658 /* Preview Assets.xcassets in Resources */ = {isa = PBXBuildFile; fileRef = C50FDCFB2DA59E8600D90658 /* Preview Assets.xcassets */; };
		C50FDD052DA59ED000D90658 /* HeartBitView.swift in Sources */ = {isa = PBXBuildFile; fileRef = C50FDD042DA59ED000D90658 /* HeartBitView.swift */; };
		C50FDD092DA59EFB00D90658 /* Model.swift in Sources */ = {isa = PBXBuildFile; fileRef = C50FDD082DA59EFB00D90658 /* Model.swift */; };
		C50FDD0B2DA59F1400D90658 /* resultadoIMC.swift in Sources */ = {isa = PBXBuildFile; fileRef = C50FDD0A2DA59F1400D90658 /* resultadoIMC.swift */; };
		C50FDD0D2DA59F2E00D90658 /* ViewModel.swift in Sources */ = {isa = PBXBuildFile; fileRef = C50FDD0C2DA59F2E00D90658 /* ViewModel.swift */; };
		C50FDD0F2DA59F6100D90658 /* CalcIMCView.swift in Sources */ = {isa = PBXBuildFile; fileRef = C50FDD0E2DA59F6000D90658 /* CalcIMCView.swift */; };
		C50FDD122DA5A06B00D90658 /* GoogleGenerativeAI in Frameworks */ = {isa = PBXBuildFile; productRef = C50FDD112DA5A06B00D90658 /* GoogleGenerativeAI */; };
		C50FDD162DA5A09800D90658 /* APIKey.swift in Sources */ = {isa = PBXBuildFile; fileRef = C50FDD152DA5A09800D90658 /* APIKey.swift */; };
		C5EB80542DA6F7230044D058 /* IDModel.swift in Sources */ = {isa = PBXBuildFile; fileRef = C5EB80532DA6F7230044D058 /* IDModel.swift */; };
/* End PBXBuildFile section */

/* Begin PBXFileReference section */
		8126A0F92DA83008008DE22C /* location.swift */ = {isa = PBXFileReference; fileEncoding = 4; lastKnownFileType = sourcecode.swift; path = location.swift; sourceTree = "<group>"; };
		8126A0FB2DA8336F008DE22C /* telaGrafico.swift */ = {isa = PBXFileReference; fileEncoding = 4; lastKnownFileType = sourcecode.swift; path = telaGrafico.swift; sourceTree = "<group>"; };
		8126A0FD2DA83D43008DE22C /* GenerativeAI-Info.plist */ = {isa = PBXFileReference; lastKnownFileType = text.plist.xml; path = "GenerativeAI-Info.plist"; sourceTree = "<group>"; };
		8126A0FF2DA84A83008DE22C /* FormEditView.swift */ = {isa = PBXFileReference; lastKnownFileType = sourcecode.swift; path = FormEditView.swift; sourceTree = "<group>"; };
		8126A1012DA84D69008DE22C /* Testeemail.swift */ = {isa = PBXFileReference; lastKnownFileType = sourcecode.swift; path = Testeemail.swift; sourceTree = "<group>"; };
		C50FDCF12DA59E8500D90658 /* HeartBit.app */ = {isa = PBXFileReference; explicitFileType = wrapper.application; includeInIndex = 0; path = HeartBit.app; sourceTree = BUILT_PRODUCTS_DIR; };
		C50FDCF42DA59E8500D90658 /* HeartBitApp.swift */ = {isa = PBXFileReference; lastKnownFileType = sourcecode.swift; path = HeartBitApp.swift; sourceTree = "<group>"; };
		C50FDCF62DA59E8500D90658 /* ContentView.swift */ = {isa = PBXFileReference; lastKnownFileType = sourcecode.swift; path = ContentView.swift; sourceTree = "<group>"; };
		C50FDCF82DA59E8600D90658 /* Assets.xcassets */ = {isa = PBXFileReference; lastKnownFileType = folder.assetcatalog; path = Assets.xcassets; sourceTree = "<group>"; };
		C50FDCFB2DA59E8600D90658 /* Preview Assets.xcassets */ = {isa = PBXFileReference; lastKnownFileType = folder.assetcatalog; path = "Preview Assets.xcassets"; sourceTree = "<group>"; };
		C50FDD042DA59ED000D90658 /* HeartBitView.swift */ = {isa = PBXFileReference; lastKnownFileType = sourcecode.swift; path = HeartBitView.swift; sourceTree = "<group>"; };
		C50FDD082DA59EFB00D90658 /* Model.swift */ = {isa = PBXFileReference; lastKnownFileType = sourcecode.swift; path = Model.swift; sourceTree = "<group>"; };
		C50FDD0A2DA59F1400D90658 /* resultadoIMC.swift */ = {isa = PBXFileReference; lastKnownFileType = sourcecode.swift; path = resultadoIMC.swift; sourceTree = "<group>"; };
		C50FDD0C2DA59F2E00D90658 /* ViewModel.swift */ = {isa = PBXFileReference; lastKnownFileType = sourcecode.swift; path = ViewModel.swift; sourceTree = "<group>"; };
		C50FDD0E2DA59F6000D90658 /* CalcIMCView.swift */ = {isa = PBXFileReference; lastKnownFileType = sourcecode.swift; path = CalcIMCView.swift; sourceTree = "<group>"; };
		C50FDD152DA5A09800D90658 /* APIKey.swift */ = {isa = PBXFileReference; lastKnownFileType = sourcecode.swift; path = APIKey.swift; sourceTree = "<group>"; };
		C5EB80532DA6F7230044D058 /* IDModel.swift */ = {isa = PBXFileReference; lastKnownFileType = sourcecode.swift; path = IDModel.swift; sourceTree = "<group>"; };
/* End PBXFileReference section */

/* Begin PBXFrameworksBuildPhase section */
		C50FDCEE2DA59E8500D90658 /* Frameworks */ = {
			isa = PBXFrameworksBuildPhase;
			buildActionMask = 2147483647;
			files = (
				C50FDD122DA5A06B00D90658 /* GoogleGenerativeAI in Frameworks */,
			);
			runOnlyForDeploymentPostprocessing = 0;
		};
/* End PBXFrameworksBuildPhase section */

/* Begin PBXGroup section */
		C50FDCE82DA59E8500D90658 = {
			isa = PBXGroup;
			children = (
				C50FDCF32DA59E8500D90658 /* HeartBit */,
				C50FDCF22DA59E8500D90658 /* Products */,
			);
			sourceTree = "<group>";
		};
		C50FDCF22DA59E8500D90658 /* Products */ = {
			isa = PBXGroup;
			children = (
				C50FDCF12DA59E8500D90658 /* HeartBit.app */,
			);
			name = Products;
			sourceTree = "<group>";
		};
		C50FDCF32DA59E8500D90658 /* HeartBit */ = {
			isa = PBXGroup;
			children = (
				C50FDCF42DA59E8500D90658 /* HeartBitApp.swift */,
				C50FDCF62DA59E8500D90658 /* ContentView.swift */,
				8126A0FF2DA84A83008DE22C /* FormEditView.swift */,
				C50FDD0C2DA59F2E00D90658 /* ViewModel.swift */,
				C50FDCF82DA59E8600D90658 /* Assets.xcassets */,
				C50FDCFA2DA59E8600D90658 /* Preview Content */,
				C50FDD042DA59ED000D90658 /* HeartBitView.swift */,
				8126A1012DA84D69008DE22C /* Testeemail.swift */,
				8126A0FB2DA8336F008DE22C /* telaGrafico.swift */,
				8126A0F92DA83008008DE22C /* location.swift */,
				C50FDD082DA59EFB00D90658 /* Model.swift */,
				C50FDD0A2DA59F1400D90658 /* resultadoIMC.swift */,
				C50FDD0E2DA59F6000D90658 /* CalcIMCView.swift */,
				C50FDD152DA5A09800D90658 /* APIKey.swift */,
				C5EB80532DA6F7230044D058 /* IDModel.swift */,
				8126A0FD2DA83D43008DE22C /* GenerativeAI-Info.plist */,
			);
			path = HeartBit;
			sourceTree = "<group>";
		};
		C50FDCFA2DA59E8600D90658 /* Preview Content */ = {
			isa = PBXGroup;
			children = (
				C50FDCFB2DA59E8600D90658 /* Preview Assets.xcassets */,
			);
			path = "Preview Content";
			sourceTree = "<group>";
		};
/* End PBXGroup section */

/* Begin PBXNativeTarget section */
		C50FDCF02DA59E8500D90658 /* HeartBit */ = {
			isa = PBXNativeTarget;
			buildConfigurationList = C50FDCFF2DA59E8600D90658 /* Build configuration list for PBXNativeTarget "HeartBit" */;
			buildPhases = (
				C50FDCED2DA59E8500D90658 /* Sources */,
				C50FDCEE2DA59E8500D90658 /* Frameworks */,
				C50FDCEF2DA59E8500D90658 /* Resources */,
			);
			buildRules = (
			);
			dependencies = (
			);
			name = HeartBit;
			packageProductDependencies = (
				C50FDD112DA5A06B00D90658 /* GoogleGenerativeAI */,
			);
			productName = HeartBit;
			productReference = C50FDCF12DA59E8500D90658 /* HeartBit.app */;
			productType = "com.apple.product-type.application";
		};
/* End PBXNativeTarget section */

/* Begin PBXProject section */
		C50FDCE92DA59E8500D90658 /* Project object */ = {
			isa = PBXProject;
			attributes = {
				BuildIndependentTargetsInParallel = 1;
				LastSwiftUpdateCheck = 1520;
				LastUpgradeCheck = 1520;
				TargetAttributes = {
					C50FDCF02DA59E8500D90658 = {
						CreatedOnToolsVersion = 15.2;
					};
				};
			};
			buildConfigurationList = C50FDCEC2DA59E8500D90658 /* Build configuration list for PBXProject "HeartBit" */;
			compatibilityVersion = "Xcode 14.0";
			developmentRegion = en;
			hasScannedForEncodings = 0;
			knownRegions = (
				en,
				Base,
			);
			mainGroup = C50FDCE82DA59E8500D90658;
			packageReferences = (
				C50FDD102DA5A06B00D90658 /* XCRemoteSwiftPackageReference "generative-ai-swift" */,
			);
			productRefGroup = C50FDCF22DA59E8500D90658 /* Products */;
			projectDirPath = "";
			projectRoot = "";
			targets = (
				C50FDCF02DA59E8500D90658 /* HeartBit */,
			);
		};
/* End PBXProject section */

/* Begin PBXResourcesBuildPhase section */
		C50FDCEF2DA59E8500D90658 /* Resources */ = {
			isa = PBXResourcesBuildPhase;
			buildActionMask = 2147483647;
			files = (
				C50FDCFC2DA59E8600D90658 /* Preview Assets.xcassets in Resources */,
				8126A0FE2DA83D43008DE22C /* GenerativeAI-Info.plist in Resources */,
				C50FDCF92DA59E8600D90658 /* Assets.xcassets in Resources */,
			);
			runOnlyForDeploymentPostprocessing = 0;
		};
/* End PBXResourcesBuildPhase section */

/* Begin PBXSourcesBuildPhase section */
		C50FDCED2DA59E8500D90658 /* Sources */ = {
			isa = PBXSourcesBuildPhase;
			buildActionMask = 2147483647;
			files = (
				8126A1022DA84D69008DE22C /* Testeemail.swift in Sources */,
				C50FDD092DA59EFB00D90658 /* Model.swift in Sources */,
				8126A1002DA84A83008DE22C /* FormEditView.swift in Sources */,
				C5EB80542DA6F7230044D058 /* IDModel.swift in Sources */,
				8126A0FA2DA83008008DE22C /* location.swift in Sources */,
				C50FDCF72DA59E8500D90658 /* ContentView.swift in Sources */,
				C50FDD0F2DA59F6100D90658 /* CalcIMCView.swift in Sources */,
				C50FDD0B2DA59F1400D90658 /* resultadoIMC.swift in Sources */,
				C50FDCF52DA59E8500D90658 /* HeartBitApp.swift in Sources */,
				C50FDD052DA59ED000D90658 /* HeartBitView.swift in Sources */,
				8126A0FC2DA8336F008DE22C /* telaGrafico.swift in Sources */,
				C50FDD162DA5A09800D90658 /* APIKey.swift in Sources */,
				C50FDD0D2DA59F2E00D90658 /* ViewModel.swift in Sources */,
			);
			runOnlyForDeploymentPostprocessing = 0;
		};
/* End PBXSourcesBuildPhase section */

/* Begin XCBuildConfiguration section */
		C50FDCFD2DA59E8600D90658 /* Debug */ = {
			isa = XCBuildConfiguration;
			buildSettings = {
				ALWAYS_SEARCH_USER_PATHS = NO;
				ASSETCATALOG_COMPILER_GENERATE_SWIFT_ASSET_SYMBOL_EXTENSIONS = YES;
				CLANG_ANALYZER_NONNULL = YES;
				CLANG_ANALYZER_NUMBER_OBJECT_CONVERSION = YES_AGGRESSIVE;
				CLANG_CXX_LANGUAGE_STANDARD = "gnu++20";
				CLANG_ENABLE_MODULES = YES;
				CLANG_ENABLE_OBJC_ARC = YES;
				CLANG_ENABLE_OBJC_WEAK = YES;
				CLANG_WARN_BLOCK_CAPTURE_AUTORELEASING = YES;
				CLANG_WARN_BOOL_CONVERSION = YES;
				CLANG_WARN_COMMA = YES;
				CLANG_WARN_CONSTANT_CONVERSION = YES;
				CLANG_WARN_DEPRECATED_OBJC_IMPLEMENTATIONS = YES;
				CLANG_WARN_DIRECT_OBJC_ISA_USAGE = YES_ERROR;
				CLANG_WARN_DOCUMENTATION_COMMENTS = YES;
				CLANG_WARN_EMPTY_BODY = YES;
				CLANG_WARN_ENUM_CONVERSION = YES;
				CLANG_WARN_INFINITE_RECURSION = YES;
				CLANG_WARN_INT_CONVERSION = YES;
				CLANG_WARN_NON_LITERAL_NULL_CONVERSION = YES;
				CLANG_WARN_OBJC_IMPLICIT_RETAIN_SELF = YES;
				CLANG_WARN_OBJC_LITERAL_CONVERSION = YES;
				CLANG_WARN_OBJC_ROOT_CLASS = YES_ERROR;
				CLANG_WARN_QUOTED_INCLUDE_IN_FRAMEWORK_HEADER = YES;
				CLANG_WARN_RANGE_LOOP_ANALYSIS = YES;
				CLANG_WARN_STRICT_PROTOTYPES = YES;
				CLANG_WARN_SUSPICIOUS_MOVE = YES;
				CLANG_WARN_UNGUARDED_AVAILABILITY = YES_AGGRESSIVE;
				CLANG_WARN_UNREACHABLE_CODE = YES;
				CLANG_WARN__DUPLICATE_METHOD_MATCH = YES;
				COPY_PHASE_STRIP = NO;
				DEBUG_INFORMATION_FORMAT = dwarf;
				ENABLE_STRICT_OBJC_MSGSEND = YES;
				ENABLE_TESTABILITY = YES;
				ENABLE_USER_SCRIPT_SANDBOXING = YES;
				GCC_C_LANGUAGE_STANDARD = gnu17;
				GCC_DYNAMIC_NO_PIC = NO;
				GCC_NO_COMMON_BLOCKS = YES;
				GCC_OPTIMIZATION_LEVEL = 0;
				GCC_PREPROCESSOR_DEFINITIONS = (
					"DEBUG=1",
					"$(inherited)",
				);
				GCC_WARN_64_TO_32_BIT_CONVERSION = YES;
				GCC_WARN_ABOUT_RETURN_TYPE = YES_ERROR;
				GCC_WARN_UNDECLARED_SELECTOR = YES;
				GCC_WARN_UNINITIALIZED_AUTOS = YES_AGGRESSIVE;
				GCC_WARN_UNUSED_FUNCTION = YES;
				GCC_WARN_UNUSED_VARIABLE = YES;
				IPHONEOS_DEPLOYMENT_TARGET = 17.2;
				LOCALIZATION_PREFERS_STRING_CATALOGS = YES;
				MTL_ENABLE_DEBUG_INFO = INCLUDE_SOURCE;
				MTL_FAST_MATH = YES;
				ONLY_ACTIVE_ARCH = YES;
				SDKROOT = iphoneos;
				SWIFT_ACTIVE_COMPILATION_CONDITIONS = "DEBUG $(inherited)";
				SWIFT_OPTIMIZATION_LEVEL = "-Onone";
			};
			name = Debug;
		};
		C50FDCFE2DA59E8600D90658 /* Release */ = {
			isa = XCBuildConfiguration;
			buildSettings = {
				ALWAYS_SEARCH_USER_PATHS = NO;
				ASSETCATALOG_COMPILER_GENERATE_SWIFT_ASSET_SYMBOL_EXTENSIONS = YES;
				CLANG_ANALYZER_NONNULL = YES;
				CLANG_ANALYZER_NUMBER_OBJECT_CONVERSION = YES_AGGRESSIVE;
				CLANG_CXX_LANGUAGE_STANDARD = "gnu++20";
				CLANG_ENABLE_MODULES = YES;
				CLANG_ENABLE_OBJC_ARC = YES;
				CLANG_ENABLE_OBJC_WEAK = YES;
				CLANG_WARN_BLOCK_CAPTURE_AUTORELEASING = YES;
				CLANG_WARN_BOOL_CONVERSION = YES;
				CLANG_WARN_COMMA = YES;
				CLANG_WARN_CONSTANT_CONVERSION = YES;
				CLANG_WARN_DEPRECATED_OBJC_IMPLEMENTATIONS = YES;
				CLANG_WARN_DIRECT_OBJC_ISA_USAGE = YES_ERROR;
				CLANG_WARN_DOCUMENTATION_COMMENTS = YES;
				CLANG_WARN_EMPTY_BODY = YES;
				CLANG_WARN_ENUM_CONVERSION = YES;
				CLANG_WARN_INFINITE_RECURSION = YES;
				CLANG_WARN_INT_CONVERSION = YES;
				CLANG_WARN_NON_LITERAL_NULL_CONVERSION = YES;
				CLANG_WARN_OBJC_IMPLICIT_RETAIN_SELF = YES;
				CLANG_WARN_OBJC_LITERAL_CONVERSION = YES;
				CLANG_WARN_OBJC_ROOT_CLASS = YES_ERROR;
				CLANG_WARN_QUOTED_INCLUDE_IN_FRAMEWORK_HEADER = YES;
				CLANG_WARN_RANGE_LOOP_ANALYSIS = YES;
				CLANG_WARN_STRICT_PROTOTYPES = YES;
				CLANG_WARN_SUSPICIOUS_MOVE = YES;
				CLANG_WARN_UNGUARDED_AVAILABILITY = YES_AGGRESSIVE;
				CLANG_WARN_UNREACHABLE_CODE = YES;
				CLANG_WARN__DUPLICATE_METHOD_MATCH = YES;
				COPY_PHASE_STRIP = NO;
				DEBUG_INFORMATION_FORMAT = "dwarf-with-dsym";
				ENABLE_NS_ASSERTIONS = NO;
				ENABLE_STRICT_OBJC_MSGSEND = YES;
				ENABLE_USER_SCRIPT_SANDBOXING = YES;
				GCC_C_LANGUAGE_STANDARD = gnu17;
				GCC_NO_COMMON_BLOCKS = YES;
				GCC_WARN_64_TO_32_BIT_CONVERSION = YES;
				GCC_WARN_ABOUT_RETURN_TYPE = YES_ERROR;
				GCC_WARN_UNDECLARED_SELECTOR = YES;
				GCC_WARN_UNINITIALIZED_AUTOS = YES_AGGRESSIVE;
				GCC_WARN_UNUSED_FUNCTION = YES;
				GCC_WARN_UNUSED_VARIABLE = YES;
				IPHONEOS_DEPLOYMENT_TARGET = 17.2;
				LOCALIZATION_PREFERS_STRING_CATALOGS = YES;
				MTL_ENABLE_DEBUG_INFO = NO;
				MTL_FAST_MATH = YES;
				SDKROOT = iphoneos;
				SWIFT_COMPILATION_MODE = wholemodule;
				VALIDATE_PRODUCT = YES;
			};
			name = Release;
		};
		C50FDD002DA59E8600D90658 /* Debug */ = {
			isa = XCBuildConfiguration;
			buildSettings = {
				ASSETCATALOG_COMPILER_APPICON_NAME = AppIcon;
				ASSETCATALOG_COMPILER_GLOBAL_ACCENT_COLOR_NAME = AccentColor;
				CODE_SIGN_STYLE = Automatic;
				CURRENT_PROJECT_VERSION = 1;
				DEVELOPMENT_ASSET_PATHS = "\"HeartBit/Preview Content\"";
				DEVELOPMENT_TEAM = X74BQN32W8;
				ENABLE_PREVIEWS = YES;
				GENERATE_INFOPLIST_FILE = YES;
				INFOPLIST_KEY_NSLocationAlwaysAndWhenInUseUsageDescription = aaaaa;
				INFOPLIST_KEY_NSLocationWhenInUseUsageDescription = aaaaa;
				INFOPLIST_KEY_UIApplicationSceneManifest_Generation = YES;
				INFOPLIST_KEY_UIApplicationSupportsIndirectInputEvents = YES;
				INFOPLIST_KEY_UILaunchScreen_Generation = YES;
				INFOPLIST_KEY_UISupportedInterfaceOrientations_iPad = "UIInterfaceOrientationPortrait UIInterfaceOrientationPortraitUpsideDown UIInterfaceOrientationLandscapeLeft UIInterfaceOrientationLandscapeRight";
				INFOPLIST_KEY_UISupportedInterfaceOrientations_iPhone = "UIInterfaceOrientationPortrait UIInterfaceOrientationLandscapeLeft UIInterfaceOrientationLandscapeRight";
				LD_RUNPATH_SEARCH_PATHS = (
					"$(inherited)",
					"@executable_path/Frameworks",
				);
				MARKETING_VERSION = 1.0;
				PRODUCT_BUNDLE_IDENTIFIER = diogo.HeartBit;
				PRODUCT_NAME = "$(TARGET_NAME)";
				SWIFT_EMIT_LOC_STRINGS = YES;
				SWIFT_VERSION = 5.0;
				TARGETED_DEVICE_FAMILY = "1,2";
			};
			name = Debug;
		};
		C50FDD012DA59E8600D90658 /* Release */ = {
			isa = XCBuildConfiguration;
			buildSettings = {
				ASSETCATALOG_COMPILER_APPICON_NAME = AppIcon;
				ASSETCATALOG_COMPILER_GLOBAL_ACCENT_COLOR_NAME = AccentColor;
				CODE_SIGN_STYLE = Automatic;
				CURRENT_PROJECT_VERSION = 1;
				DEVELOPMENT_ASSET_PATHS = "\"HeartBit/Preview Content\"";
				DEVELOPMENT_TEAM = X74BQN32W8;
				ENABLE_PREVIEWS = YES;
				GENERATE_INFOPLIST_FILE = YES;
				INFOPLIST_KEY_NSLocationAlwaysAndWhenInUseUsageDescription = aaaaa;
				INFOPLIST_KEY_NSLocationWhenInUseUsageDescription = aaaaa;
				INFOPLIST_KEY_UIApplicationSceneManifest_Generation = YES;
				INFOPLIST_KEY_UIApplicationSupportsIndirectInputEvents = YES;
				INFOPLIST_KEY_UILaunchScreen_Generation = YES;
				INFOPLIST_KEY_UISupportedInterfaceOrientations_iPad = "UIInterfaceOrientationPortrait UIInterfaceOrientationPortraitUpsideDown UIInterfaceOrientationLandscapeLeft UIInterfaceOrientationLandscapeRight";
				INFOPLIST_KEY_UISupportedInterfaceOrientations_iPhone = "UIInterfaceOrientationPortrait UIInterfaceOrientationLandscapeLeft UIInterfaceOrientationLandscapeRight";
				LD_RUNPATH_SEARCH_PATHS = (
					"$(inherited)",
					"@executable_path/Frameworks",
				);
				MARKETING_VERSION = 1.0;
				PRODUCT_BUNDLE_IDENTIFIER = diogo.HeartBit;
				PRODUCT_NAME = "$(TARGET_NAME)";
				SWIFT_EMIT_LOC_STRINGS = YES;
				SWIFT_VERSION = 5.0;
				TARGETED_DEVICE_FAMILY = "1,2";
			};
			name = Release;
		};
/* End XCBuildConfiguration section */

/* Begin XCConfigurationList section */
		C50FDCEC2DA59E8500D90658 /* Build configuration list for PBXProject "HeartBit" */ = {
			isa = XCConfigurationList;
			buildConfigurations = (
				C50FDCFD2DA59E8600D90658 /* Debug */,
				C50FDCFE2DA59E8600D90658 /* Release */,
			);
			defaultConfigurationIsVisible = 0;
			defaultConfigurationName = Release;
		};
		C50FDCFF2DA59E8600D90658 /* Build configuration list for PBXNativeTarget "HeartBit" */ = {
			isa = XCConfigurationList;
			buildConfigurations = (
				C50FDD002DA59E8600D90658 /* Debug */,
				C50FDD012DA59E8600D90658 /* Release */,
			);
			defaultConfigurationIsVisible = 0;
			defaultConfigurationName = Release;
		};
/* End XCConfigurationList section */

/* Begin XCRemoteSwiftPackageReference section */
		C50FDD102DA5A06B00D90658 /* XCRemoteSwiftPackageReference "generative-ai-swift" */ = {
			isa = XCRemoteSwiftPackageReference;
			repositoryURL = "https://github.com/google/generative-ai-swift";
			requirement = {
				kind = upToNextMajorVersion;
				minimumVersion = 0.5.6;
			};
		};
/* End XCRemoteSwiftPackageReference section */

/* Begin XCSwiftPackageProductDependency section */
		C50FDD112DA5A06B00D90658 /* GoogleGenerativeAI */ = {
			isa = XCSwiftPackageProductDependency;
			package = C50FDD102DA5A06B00D90658 /* XCRemoteSwiftPackageReference "generative-ai-swift" */;
			productName = GoogleGenerativeAI;
		};
/* End XCSwiftPackageProductDependency section */
	};
	rootObject = C50FDCE92DA59E8500D90658 /* Project object */;
}
